
Microsoft Visual Studio Solution File, Format Version 12.00
# Visual Studio Version 16
VisualStudioVersion = 16.0.31624.102
MinimumVisualStudioVersion = 10.0.40219.1
Project("{FAE04EC0-301F-11D3-BF4B-00C04F79EFBC}") = "RighteousGloryHotel", "RighteousGloryHotel.csproj", "{322FC696-092B-400C-B44A-89AD7B950F77}"
EndProject
Global
	GlobalSection(SolutionConfigurationPlatforms) = preSolution
		Debug|Any CPU = Debug|Any CPU
		Release|Any CPU = Release|Any CPU
	EndGlobalSection
	GlobalSection(ProjectConfigurationPlatforms) = postSolution
		{322FC696-092B-400C-B44A-89AD7B950F77}.Debug|Any CPU.ActiveCfg = Debug|Any CPU
		{322FC696-092B-400C-B44A-89AD7B950F77}.Debug|Any CPU.Build.0 = Debug|Any CPU
		{322FC696-092B-400C-B44A-89AD7B950F77}.Release|Any CPU.ActiveCfg = Release|Any CPU
		{322FC696-092B-400C-B44A-89AD7B950F77}.Release|Any CPU.Build.0 = Release|Any CPU
	EndGlobalSection
	GlobalSection(SolutionProperties) = preSolution
		HideSolutionNode = FALSE
	EndGlobalSection
	GlobalSection(ExtensibilityGlobals) = postSolution
		SolutionGuid = {E8CC1CC0-EE62-474D-86EF-A0C438B7D643}
	EndGlobalSection
EndGlobal
